
Microsoft Visual Studio Solution File, Format Version 10.00
# Visual Studio 2008
Project("{FAE04EC0-301F-11D3-BF4B-00C04F79EFBC}") = "Emu6502", "Emu6502.csproj", "{69E0C926-806C-4F77-8B60-DB7E919B2DDC}"
EndProject
Global
	GlobalSection(SolutionConfigurationPlatforms) = preSolution
		Debug|Any CPU = Debug|Any CPU
		Release|Any CPU = Release|Any CPU
	EndGlobalSection
	GlobalSection(ProjectConfigurationPlatforms) = postSolution
		{69E0C926-806C-4F77-8B60-DB7E919B2DDC}.Debug|Any CPU.ActiveCfg = Debug|Any CPU
		{69E0C926-806C-4F77-8B60-DB7E919B2DDC}.Debug|Any CPU.Build.0 = Debug|Any CPU
		{69E0C926-806C-4F77-8B60-DB7E919B2DDC}.Release|Any CPU.ActiveCfg = Release|Any CPU
		{69E0C926-806C-4F77-8B60-DB7E919B2DDC}.Release|Any CPU.Build.0 = Release|Any CPU
	EndGlobalSection
	GlobalSection(SolutionProperties) = preSolution
		HideSolutionNode = FALSE
	EndGlobalSection
EndGlobal
